
Microsoft Visual Studio Solution File, Format Version 12.00
# Visual Studio Version 16
VisualStudioVersion = 16.0.30225.117
MinimumVisualStudioVersion = 10.0.40219.1
Project("{9A19103F-16F7-4668-BE54-9A1E7A4F7556}") = "GeoJSONPlugin", "GeoJSONPlugin\GeoJSONPlugin.csproj", "{34457588-8536-48F6-8AE5-16B9E4C54DFE}"
EndProject
Project("{FAE04EC0-301F-11D3-BF4B-00C04F79EFBC}") = "ConversionTests", "ConversionTests\ConversionTests.csproj", "{73FE645C-EE46-4D15-BD6E-11787AE38CCB}"
EndProject
Global
	GlobalSection(SolutionConfigurationPlatforms) = preSolution
		Debug|Any CPU = Debug|Any CPU
		Release|Any CPU = Release|Any CPU
	EndGlobalSection
	GlobalSection(ProjectConfigurationPlatforms) = postSolution
		{34457588-8536-48F6-8AE5-16B9E4C54DFE}.Debug|Any CPU.ActiveCfg = Debug|Any CPU
		{34457588-8536-48F6-8AE5-16B9E4C54DFE}.Debug|Any CPU.Build.0 = Debug|Any CPU
		{34457588-8536-48F6-8AE5-16B9E4C54DFE}.Release|Any CPU.ActiveCfg = Release|Any CPU
		{34457588-8536-48F6-8AE5-16B9E4C54DFE}.Release|Any CPU.Build.0 = Release|Any CPU
		{73FE645C-EE46-4D15-BD6E-11787AE38CCB}.Debug|Any CPU.ActiveCfg = Debug|Any CPU
		{73FE645C-EE46-4D15-BD6E-11787AE38CCB}.Debug|Any CPU.Build.0 = Debug|Any CPU
		{73FE645C-EE46-4D15-BD6E-11787AE38CCB}.Release|Any CPU.ActiveCfg = Release|Any CPU
		{73FE645C-EE46-4D15-BD6E-11787AE38CCB}.Release|Any CPU.Build.0 = Release|Any CPU
	EndGlobalSection
	GlobalSection(SolutionProperties) = preSolution
		HideSolutionNode = FALSE
	EndGlobalSection
	GlobalSection(ExtensibilityGlobals) = postSolution
		SolutionGuid = {152891FF-4CE4-461F-99B5-4BCD8B9D8B3A}
	EndGlobalSection
EndGlobal
